
Microsoft Visual Studio Solution File, Format Version 12.00
# Visual Studio Version 17
VisualStudioVersion = 17.12.35527.113 d17.12
MinimumVisualStudioVersion = 10.0.40219.1
Project("{FAE04EC0-301F-11D3-BF4B-00C04F79EFBC}") = "WebAPI", "WebAPI\WebAPI.csproj", "{D4C65573-0F54-4E0D-A518-225FB3C750DE}"
EndProject
Project("{FAE04EC0-301F-11D3-BF4B-00C04F79EFBC}") = "Sut_Iulia_Lab11", "Sut_Iulia_Lab11\Sut_Iulia_Lab11.csproj", "{B66A7DB5-B1BA-4FED-8C56-494CF47A1A21}"
EndProject
Global
	GlobalSection(SolutionConfigurationPlatforms) = preSolution
		Debug|Any CPU = Debug|Any CPU
		Release|Any CPU = Release|Any CPU
	EndGlobalSection
	GlobalSection(ProjectConfigurationPlatforms) = postSolution
		{D4C65573-0F54-4E0D-A518-225FB3C750DE}.Debug|Any CPU.ActiveCfg = Debug|Any CPU
		{D4C65573-0F54-4E0D-A518-225FB3C750DE}.Debug|Any CPU.Build.0 = Debug|Any CPU
		{D4C65573-0F54-4E0D-A518-225FB3C750DE}.Release|Any CPU.ActiveCfg = Release|Any CPU
		{D4C65573-0F54-4E0D-A518-225FB3C750DE}.Release|Any CPU.Build.0 = Release|Any CPU
		{B66A7DB5-B1BA-4FED-8C56-494CF47A1A21}.Debug|Any CPU.ActiveCfg = Debug|Any CPU
		{B66A7DB5-B1BA-4FED-8C56-494CF47A1A21}.Debug|Any CPU.Build.0 = Debug|Any CPU
		{B66A7DB5-B1BA-4FED-8C56-494CF47A1A21}.Release|Any CPU.ActiveCfg = Release|Any CPU
		{B66A7DB5-B1BA-4FED-8C56-494CF47A1A21}.Release|Any CPU.Build.0 = Release|Any CPU
	EndGlobalSection
	GlobalSection(SolutionProperties) = preSolution
		HideSolutionNode = FALSE
	EndGlobalSection
EndGlobal
